// !$*UTF8*$!
{
	archiveVersion = 1;
	classes = {
	};
	objectVersion = 46;
	objects = {

/* Begin PBXBuildFile section */
		967B97C2166E5EF100A2DA97 /* UIKit.framework in Frameworks */ = {isa = PBXBuildFile; fileRef = 967B97C1166E5EF100A2DA97 /* UIKit.framework */; };
		967B97C4166E5EF100A2DA97 /* Foundation.framework in Frameworks */ = {isa = PBXBuildFile; fileRef = 967B97C3166E5EF100A2DA97 /* Foundation.framework */; };
		967B97C6166E5EF100A2DA97 /* CoreGraphics.framework in Frameworks */ = {isa = PBXBuildFile; fileRef = 967B97C5166E5EF100A2DA97 /* CoreGraphics.framework */; };
		967B97CC166E5EF100A2DA97 /* InfoPlist.strings in Resources */ = {isa = PBXBuildFile; fileRef = 967B97CA166E5EF100A2DA97 /* InfoPlist.strings */; };
		967B97CE166E5EF100A2DA97 /* main.m in Sources */ = {isa = PBXBuildFile; fileRef = 967B97CD166E5EF100A2DA97 /* main.m */; };
		967B97D2166E5EF100A2DA97 /* MADAppDelegate.m in Sources */ = {isa = PBXBuildFile; fileRef = 967B97D1166E5EF100A2DA97 /* MADAppDelegate.m */; };
		967B97D5166E5EF100A2DA97 /* MADViewController.m in Sources */ = {isa = PBXBuildFile; fileRef = 967B97D4166E5EF100A2DA97 /* MADViewController.m */; };
		967B97D8166E5EF100A2DA97 /* MADViewController_iPhone.xib in Resources */ = {isa = PBXBuildFile; fileRef = 967B97D6166E5EF100A2DA97 /* MADViewController_iPhone.xib */; };
		967B97DB166E5EF100A2DA97 /* MADViewController_iPad.xib in Resources */ = {isa = PBXBuildFile; fileRef = 967B97D9166E5EF100A2DA97 /* MADViewController_iPad.xib */; };
/* End PBXBuildFile section */

/* Begin PBXFileReference section */
		967B97BD166E5EF100A2DA97 /* Universal.app */ = {isa = PBXFileReference; explicitFileType = wrapper.application; includeInIndex = 0; path = Universal.app; sourceTree = BUILT_PRODUCTS_DIR; };
		967B97C1166E5EF100A2DA97 /* UIKit.framework */ = {isa = PBXFileReference; lastKnownFileType = wrapper.framework; name = UIKit.framework; path = System/Library/Frameworks/UIKit.framework; sourceTree = SDKROOT; };
		967B97C3166E5EF100A2DA97 /* Foundation.framework */ = {isa = PBXFileReference; lastKnownFileType = wrapper.framework; name = Foundation.framework; path = System/Library/Frameworks/Foundation.framework; sourceTree = SDKROOT; };
		967B97C5166E5EF100A2DA97 /* CoreGraphics.framework */ = {isa = PBXFileReference; lastKnownFileType = wrapper.framework; name = CoreGraphics.framework; path = System/Library/Frameworks/CoreGraphics.framework; sourceTree = SDKROOT; };
		967B97C9166E5EF100A2DA97 /* Universal-Info.plist */ = {isa = PBXFileReference; lastKnownFileType = text.plist.xml; path = "Universal-Info.plist"; sourceTree = "<group>"; };
		967B97CB166E5EF100A2DA97 /* en */ = {isa = PBXFileReference; lastKnownFileType = text.plist.strings; name = en; path = en.lproj/InfoPlist.strings; sourceTree = "<group>"; };
		967B97CD166E5EF100A2DA97 /* main.m */ = {isa = PBXFileReference; lastKnownFileType = sourcecode.c.objc; path = main.m; sourceTree = "<group>"; };
		967B97CF166E5EF100A2DA97 /* Universal-Prefix.pch */ = {isa = PBXFileReference; lastKnownFileType = sourcecode.c.h; path = "Universal-Prefix.pch"; sourceTree = "<group>"; };
		967B97D0166E5EF100A2DA97 /* MADAppDelegate.h */ = {isa = PBXFileReference; lastKnownFileType = sourcecode.c.h; path = MADAppDelegate.h; sourceTree = "<group>"; };
		967B97D1166E5EF100A2DA97 /* MADAppDelegate.m */ = {isa = PBXFileReference; lastKnownFileType = sourcecode.c.objc; path = MADAppDelegate.m; sourceTree = "<group>"; };
		967B97D3166E5EF100A2DA97 /* MADViewController.h */ = {isa = PBXFileReference; lastKnownFileType = sourcecode.c.h; path = MADViewController.h; sourceTree = "<group>"; };
		967B97D4166E5EF100A2DA97 /* MADViewController.m */ = {isa = PBXFileReference; lastKnownFileType = sourcecode.c.objc; path = MADViewController.m; sourceTree = "<group>"; };
		967B97D7166E5EF100A2DA97 /* en */ = {isa = PBXFileReference; lastKnownFileType = file.xib; name = en; path = en.lproj/MADViewController_iPhone.xib; sourceTree = "<group>"; };
		967B97DA166E5EF100A2DA97 /* en */ = {isa = PBXFileReference; lastKnownFileType = file.xib; name = en; path = en.lproj/MADViewController_iPad.xib; sourceTree = "<group>"; };
/* End PBXFileReference section */

/* Begin PBXFrameworksBuildPhase section */
		967B97BA166E5EF100A2DA97 /* Frameworks */ = {
			isa = PBXFrameworksBuildPhase;
			buildActionMask = 2147483647;
			files = (
				967B97C2166E5EF100A2DA97 /* UIKit.framework in Frameworks */,
				967B97C4166E5EF100A2DA97 /* Foundation.framework in Frameworks */,
				967B97C6166E5EF100A2DA97 /* CoreGraphics.framework in Frameworks */,
			);
			runOnlyForDeploymentPostprocessing = 0;
		};
/* End PBXFrameworksBuildPhase section */

/* Begin PBXGroup section */
		967B97B2166E5EF100A2DA97 = {
			isa = PBXGroup;
			children = (
				967B97C7166E5EF100A2DA97 /* Universal */,
				967B97C0166E5EF100A2DA97 /* Frameworks */,
				967B97BE166E5EF100A2DA97 /* Products */,
			);
			sourceTree = "<group>";
		};
		967B97BE166E5EF100A2DA97 /* Products */ = {
			isa = PBXGroup;
			children = (
				967B97BD166E5EF100A2DA97 /* Universal.app */,
			);
			name = Products;
			sourceTree = "<group>";
		};
		967B97C0166E5EF100A2DA97 /* Frameworks */ = {
			isa = PBXGroup;
			children = (
				967B97C1166E5EF100A2DA97 /* UIKit.framework */,
				967B97C3166E5EF100A2DA97 /* Foundation.framework */,
				967B97C5166E5EF100A2DA97 /* CoreGraphics.framework */,
			);
			name = Frameworks;
			sourceTree = "<group>";
		};
		967B97C7166E5EF100A2DA97 /* Universal */ = {
			isa = PBXGroup;
			children = (
				967B97D0166E5EF100A2DA97 /* MADAppDelegate.h */,
				967B97D1166E5EF100A2DA97 /* MADAppDelegate.m */,
				967B97D3166E5EF100A2DA97 /* MADViewController.h */,
				967B97D4166E5EF100A2DA97 /* MADViewController.m */,
				967B97D6166E5EF100A2DA97 /* MADViewController_iPhone.xib */,
				967B97D9166E5EF100A2DA97 /* MADViewController_iPad.xib */,
				967B97C8166E5EF100A2DA97 /* Supporting Files */,
			);
			path = Universal;
			sourceTree = "<group>";
		};
		967B97C8166E5EF100A2DA97 /* Supporting Files */ = {
			isa = PBXGroup;
			children = (
				967B97C9166E5EF100A2DA97 /* Universal-Info.plist */,
				967B97CA166E5EF100A2DA97 /* InfoPlist.strings */,
				967B97CD166E5EF100A2DA97 /* main.m */,
				967B97CF166E5EF100A2DA97 /* Universal-Prefix.pch */,
			);
			name = "Supporting Files";
			sourceTree = "<group>";
		};
/* End PBXGroup section */

/* Begin PBXNativeTarget section */
		967B97BC166E5EF100A2DA97 /* Universal */ = {
			isa = PBXNativeTarget;
			buildConfigurationList = 967B97DE166E5EF100A2DA97 /* Build configuration list for PBXNativeTarget "Universal" */;
			buildPhases = (
				967B97B9166E5EF100A2DA97 /* Sources */,
				967B97BA166E5EF100A2DA97 /* Frameworks */,
				967B97BB166E5EF100A2DA97 /* Resources */,
			);
			buildRules = (
			);
			dependencies = (
			);
			name = Universal;
			productName = Universal;
			productReference = 967B97BD166E5EF100A2DA97 /* Universal.app */;
			productType = "com.apple.product-type.application";
		};
/* End PBXNativeTarget section */

/* Begin PBXProject section */
		967B97B4166E5EF100A2DA97 /* Project object */ = {
			isa = PBXProject;
			attributes = {
				CLASSPREFIX = MAD;
				LastUpgradeCheck = 0430;
			};
			buildConfigurationList = 967B97B7166E5EF100A2DA97 /* Build configuration list for PBXProject "Universal" */;
			compatibilityVersion = "Xcode 3.2";
			developmentRegion = English;
			hasScannedForEncodings = 0;
			knownRegions = (
				en,
			);
			mainGroup = 967B97B2166E5EF100A2DA97;
			productRefGroup = 967B97BE166E5EF100A2DA97 /* Products */;
			projectDirPath = "";
			projectRoot = "";
			targets = (
				967B97BC166E5EF100A2DA97 /* Universal */,
			);
		};
/* End PBXProject section */

/* Begin PBXResourcesBuildPhase section */
		967B97BB166E5EF100A2DA97 /* Resources */ = {
			isa = PBXResourcesBuildPhase;
			buildActionMask = 2147483647;
			files = (
				967B97CC166E5EF100A2DA97 /* InfoPlist.strings in Resources */,
				967B97D8166E5EF100A2DA97 /* MADViewController_iPhone.xib in Resources */,
				967B97DB166E5EF100A2DA97 /* MADViewController_iPad.xib in Resources */,
			);
			runOnlyForDeploymentPostprocessing = 0;
		};
/* End PBXResourcesBuildPhase section */

/* Begin PBXSourcesBuildPhase section */
		967B97B9166E5EF100A2DA97 /* Sources */ = {
			isa = PBXSourcesBuildPhase;
			buildActionMask = 2147483647;
			files = (
				967B97CE166E5EF100A2DA97 /* main.m in Sources */,
				967B97D2166E5EF100A2DA97 /* MADAppDelegate.m in Sources */,
				967B97D5166E5EF100A2DA97 /* MADViewController.m in Sources */,
			);
			runOnlyForDeploymentPostprocessing = 0;
		};
/* End PBXSourcesBuildPhase section */

/* Begin PBXVariantGroup section */
		967B97CA166E5EF100A2DA97 /* InfoPlist.strings */ = {
			isa = PBXVariantGroup;
			children = (
				967B97CB166E5EF100A2DA97 /* en */,
			);
			name = InfoPlist.strings;
			sourceTree = "<group>";
		};
		967B97D6166E5EF100A2DA97 /* MADViewController_iPhone.xib */ = {
			isa = PBXVariantGroup;
			children = (
				967B97D7166E5EF100A2DA97 /* en */,
			);
			name = MADViewController_iPhone.xib;
			sourceTree = "<group>";
		};
		967B97D9166E5EF100A2DA97 /* MADViewController_iPad.xib */ = {
			isa = PBXVariantGroup;
			children = (
				967B97DA166E5EF100A2DA97 /* en */,
			);
			name = MADViewController_iPad.xib;
			sourceTree = "<group>";
		};
/* End PBXVariantGroup section */

/* Begin XCBuildConfiguration section */
		967B97DC166E5EF100A2DA97 /* Debug */ = {
			isa = XCBuildConfiguration;
			buildSettings = {
				ALWAYS_SEARCH_USER_PATHS = NO;
				ARCHS = "$(ARCHS_STANDARD_32_BIT)";
				CLANG_ENABLE_OBJC_ARC = YES;
				"CODE_SIGN_IDENTITY[sdk=iphoneos*]" = "iPhone Developer";
				COPY_PHASE_STRIP = NO;
				GCC_C_LANGUAGE_STANDARD = gnu99;
				GCC_DYNAMIC_NO_PIC = NO;
				GCC_OPTIMIZATION_LEVEL = 0;
				GCC_PREPROCESSOR_DEFINITIONS = (
					"DEBUG=1",
					"$(inherited)",
				);
				GCC_SYMBOLS_PRIVATE_EXTERN = NO;
				GCC_VERSION = com.apple.compilers.llvm.clang.1_0;
				GCC_WARN_ABOUT_RETURN_TYPE = YES;
				GCC_WARN_UNINITIALIZED_AUTOS = YES;
				GCC_WARN_UNUSED_VARIABLE = YES;
				IPHONEOS_DEPLOYMENT_TARGET = 5.1;
				SDKROOT = iphoneos;
				TARGETED_DEVICE_FAMILY = "1,2";
			};
			name = Debug;
		};
		967B97DD166E5EF100A2DA97 /* Release */ = {
			isa = XCBuildConfiguration;
			buildSettings = {
				ALWAYS_SEARCH_USER_PATHS = NO;
				ARCHS = "$(ARCHS_STANDARD_32_BIT)";
				CLANG_ENABLE_OBJC_ARC = YES;
				"CODE_SIGN_IDENTITY[sdk=iphoneos*]" = "iPhone Developer";
				COPY_PHASE_STRIP = YES;
				GCC_C_LANGUAGE_STANDARD = gnu99;
				GCC_VERSION = com.apple.compilers.llvm.clang.1_0;
				GCC_WARN_ABOUT_RETURN_TYPE = YES;
				GCC_WARN_UNINITIALIZED_AUTOS = YES;
				GCC_WARN_UNUSED_VARIABLE = YES;
				IPHONEOS_DEPLOYMENT_TARGET = 5.1;
				OTHER_CFLAGS = "-DNS_BLOCK_ASSERTIONS=1";
				SDKROOT = iphoneos;
				TARGETED_DEVICE_FAMILY = "1,2";
				VALIDATE_PRODUCT = YES;
			};
			name = Release;
		};
		967B97DF166E5EF100A2DA97 /* Debug */ = {
			isa = XCBuildConfiguration;
			buildSettings = {
				GCC_PRECOMPILE_PREFIX_HEADER = YES;
				GCC_PREFIX_HEADER = "Universal/Universal-Prefix.pch";
				INFOPLIST_FILE = "Universal/Universal-Info.plist";
				PRODUCT_NAME = "$(TARGET_NAME)";
				WRAPPER_EXTENSION = app;
			};
			name = Debug;
		};
		967B97E0166E5EF100A2DA97 /* Release */ = {
			isa = XCBuildConfiguration;
			buildSettings = {
				GCC_PRECOMPILE_PREFIX_HEADER = YES;
				GCC_PREFIX_HEADER = "Universal/Universal-Prefix.pch";
				INFOPLIST_FILE = "Universal/Universal-Info.plist";
				PRODUCT_NAME = "$(TARGET_NAME)";
				WRAPPER_EXTENSION = app;
			};
			name = Release;
		};
/* End XCBuildConfiguration section */

/* Begin XCConfigurationList section */
		967B97B7166E5EF100A2DA97 /* Build configuration list for PBXProject "Universal" */ = {
			isa = XCConfigurationList;
			buildConfigurations = (
				967B97DC166E5EF100A2DA97 /* Debug */,
				967B97DD166E5EF100A2DA97 /* Release */,
			);
			defaultConfigurationIsVisible = 0;
			defaultConfigurationName = Release;
		};
		967B97DE166E5EF100A2DA97 /* Build configuration list for PBXNativeTarget "Universal" */ = {
			isa = XCConfigurationList;
			buildConfigurations = (
				967B97DF166E5EF100A2DA97 /* Debug */,
				967B97E0166E5EF100A2DA97 /* Release */,
			);
			defaultConfigurationIsVisible = 0;
		};
/* End XCConfigurationList section */
	};
	rootObject = 967B97B4166E5EF100A2DA97 /* Project object */;
}
