// !$*UTF8*$!
{
	archiveVersion = 1;
	classes = {
	};
	objectVersion = 46;
	objects = {

/* Begin PBXBuildFile section */
		56FF486E15F6642E00A26BE0 /* UIKit.framework in Frameworks */ = {isa = PBXBuildFile; fileRef = 56FF486D15F6642E00A26BE0 /* UIKit.framework */; };
		56FF487015F6642E00A26BE0 /* Foundation.framework in Frameworks */ = {isa = PBXBuildFile; fileRef = 56FF486F15F6642E00A26BE0 /* Foundation.framework */; };
		56FF487215F6642E00A26BE0 /* CoreGraphics.framework in Frameworks */ = {isa = PBXBuildFile; fileRef = 56FF487115F6642E00A26BE0 /* CoreGraphics.framework */; };
		56FF487815F6642E00A26BE0 /* InfoPlist.strings in Resources */ = {isa = PBXBuildFile; fileRef = 56FF487615F6642E00A26BE0 /* InfoPlist.strings */; };
		56FF487A15F6642E00A26BE0 /* main.m in Sources */ = {isa = PBXBuildFile; fileRef = 56FF487915F6642E00A26BE0 /* main.m */; };
		56FF487E15F6642E00A26BE0 /* MADAppDelegate.m in Sources */ = {isa = PBXBuildFile; fileRef = 56FF487D15F6642E00A26BE0 /* MADAppDelegate.m */; };
		56FF488115F6642E00A26BE0 /* MADViewController.m in Sources */ = {isa = PBXBuildFile; fileRef = 56FF488015F6642E00A26BE0 /* MADViewController.m */; };
		56FF488415F6642E00A26BE0 /* MADViewController.xib in Resources */ = {isa = PBXBuildFile; fileRef = 56FF488215F6642E00A26BE0 /* MADViewController.xib */; };
		56FF488B15F6650D00A26BE0 /* atlas.png in Resources */ = {isa = PBXBuildFile; fileRef = 56FF488A15F6650D00A26BE0 /* atlas.png */; };
/* End PBXBuildFile section */

/* Begin PBXFileReference section */
		56FF486915F6642E00A26BE0 /* Hello Name.app */ = {isa = PBXFileReference; explicitFileType = wrapper.application; includeInIndex = 0; path = "Hello Name.app"; sourceTree = BUILT_PRODUCTS_DIR; };
		56FF486D15F6642E00A26BE0 /* UIKit.framework */ = {isa = PBXFileReference; lastKnownFileType = wrapper.framework; name = UIKit.framework; path = System/Library/Frameworks/UIKit.framework; sourceTree = SDKROOT; };
		56FF486F15F6642E00A26BE0 /* Foundation.framework */ = {isa = PBXFileReference; lastKnownFileType = wrapper.framework; name = Foundation.framework; path = System/Library/Frameworks/Foundation.framework; sourceTree = SDKROOT; };
		56FF487115F6642E00A26BE0 /* CoreGraphics.framework */ = {isa = PBXFileReference; lastKnownFileType = wrapper.framework; name = CoreGraphics.framework; path = System/Library/Frameworks/CoreGraphics.framework; sourceTree = SDKROOT; };
		56FF487515F6642E00A26BE0 /* Hello Name-Info.plist */ = {isa = PBXFileReference; lastKnownFileType = text.plist.xml; path = "Hello Name-Info.plist"; sourceTree = "<group>"; };
		56FF487715F6642E00A26BE0 /* en */ = {isa = PBXFileReference; lastKnownFileType = text.plist.strings; name = en; path = en.lproj/InfoPlist.strings; sourceTree = "<group>"; };
		56FF487915F6642E00A26BE0 /* main.m */ = {isa = PBXFileReference; lastKnownFileType = sourcecode.c.objc; path = main.m; sourceTree = "<group>"; };
		56FF487B15F6642E00A26BE0 /* Hello Name-Prefix.pch */ = {isa = PBXFileReference; lastKnownFileType = sourcecode.c.h; path = "Hello Name-Prefix.pch"; sourceTree = "<group>"; };
		56FF487C15F6642E00A26BE0 /* MADAppDelegate.h */ = {isa = PBXFileReference; lastKnownFileType = sourcecode.c.h; path = MADAppDelegate.h; sourceTree = "<group>"; };
		56FF487D15F6642E00A26BE0 /* MADAppDelegate.m */ = {isa = PBXFileReference; lastKnownFileType = sourcecode.c.objc; path = MADAppDelegate.m; sourceTree = "<group>"; };
		56FF487F15F6642E00A26BE0 /* MADViewController.h */ = {isa = PBXFileReference; lastKnownFileType = sourcecode.c.h; path = MADViewController.h; sourceTree = "<group>"; };
		56FF488015F6642E00A26BE0 /* MADViewController.m */ = {isa = PBXFileReference; lastKnownFileType = sourcecode.c.objc; path = MADViewController.m; sourceTree = "<group>"; };
		56FF488315F6642E00A26BE0 /* en */ = {isa = PBXFileReference; lastKnownFileType = file.xib; name = en; path = en.lproj/MADViewController.xib; sourceTree = "<group>"; };
		56FF488A15F6650D00A26BE0 /* atlas.png */ = {isa = PBXFileReference; lastKnownFileType = image.png; name = atlas.png; path = ../../../../atlas.png; sourceTree = "<group>"; };
/* End PBXFileReference section */

/* Begin PBXFrameworksBuildPhase section */
		56FF486615F6642E00A26BE0 /* Frameworks */ = {
			isa = PBXFrameworksBuildPhase;
			buildActionMask = 2147483647;
			files = (
				56FF486E15F6642E00A26BE0 /* UIKit.framework in Frameworks */,
				56FF487015F6642E00A26BE0 /* Foundation.framework in Frameworks */,
				56FF487215F6642E00A26BE0 /* CoreGraphics.framework in Frameworks */,
			);
			runOnlyForDeploymentPostprocessing = 0;
		};
/* End PBXFrameworksBuildPhase section */

/* Begin PBXGroup section */
		56FF485E15F6642E00A26BE0 = {
			isa = PBXGroup;
			children = (
				56FF487315F6642E00A26BE0 /* Hello Name */,
				56FF486C15F6642E00A26BE0 /* Frameworks */,
				56FF486A15F6642E00A26BE0 /* Products */,
			);
			sourceTree = "<group>";
		};
		56FF486A15F6642E00A26BE0 /* Products */ = {
			isa = PBXGroup;
			children = (
				56FF486915F6642E00A26BE0 /* Hello Name.app */,
			);
			name = Products;
			sourceTree = "<group>";
		};
		56FF486C15F6642E00A26BE0 /* Frameworks */ = {
			isa = PBXGroup;
			children = (
				56FF486D15F6642E00A26BE0 /* UIKit.framework */,
				56FF486F15F6642E00A26BE0 /* Foundation.framework */,
				56FF487115F6642E00A26BE0 /* CoreGraphics.framework */,
			);
			name = Frameworks;
			sourceTree = "<group>";
		};
		56FF487315F6642E00A26BE0 /* Hello Name */ = {
			isa = PBXGroup;
			children = (
				56FF487C15F6642E00A26BE0 /* MADAppDelegate.h */,
				56FF487D15F6642E00A26BE0 /* MADAppDelegate.m */,
				56FF487F15F6642E00A26BE0 /* MADViewController.h */,
				56FF488015F6642E00A26BE0 /* MADViewController.m */,
				56FF488215F6642E00A26BE0 /* MADViewController.xib */,
				56FF487415F6642E00A26BE0 /* Supporting Files */,
			);
			path = "Hello Name";
			sourceTree = "<group>";
		};
		56FF487415F6642E00A26BE0 /* Supporting Files */ = {
			isa = PBXGroup;
			children = (
				56FF487515F6642E00A26BE0 /* Hello Name-Info.plist */,
				56FF488A15F6650D00A26BE0 /* atlas.png */,
				56FF487615F6642E00A26BE0 /* InfoPlist.strings */,
				56FF487915F6642E00A26BE0 /* main.m */,
				56FF487B15F6642E00A26BE0 /* Hello Name-Prefix.pch */,
			);
			name = "Supporting Files";
			sourceTree = "<group>";
		};
/* End PBXGroup section */

/* Begin PBXNativeTarget section */
		56FF486815F6642E00A26BE0 /* Hello Name */ = {
			isa = PBXNativeTarget;
			buildConfigurationList = 56FF488715F6642E00A26BE0 /* Build configuration list for PBXNativeTarget "Hello Name" */;
			buildPhases = (
				56FF486515F6642E00A26BE0 /* Sources */,
				56FF486615F6642E00A26BE0 /* Frameworks */,
				56FF486715F6642E00A26BE0 /* Resources */,
			);
			buildRules = (
			);
			dependencies = (
			);
			name = "Hello Name";
			productName = "Hello Name";
			productReference = 56FF486915F6642E00A26BE0 /* Hello Name.app */;
			productType = "com.apple.product-type.application";
		};
/* End PBXNativeTarget section */

/* Begin PBXProject section */
		56FF486015F6642E00A26BE0 /* Project object */ = {
			isa = PBXProject;
			attributes = {
				CLASSPREFIX = MAD;
				LastUpgradeCheck = 0430;
			};
			buildConfigurationList = 56FF486315F6642E00A26BE0 /* Build configuration list for PBXProject "Hello Name" */;
			compatibilityVersion = "Xcode 3.2";
			developmentRegion = English;
			hasScannedForEncodings = 0;
			knownRegions = (
				en,
			);
			mainGroup = 56FF485E15F6642E00A26BE0;
			productRefGroup = 56FF486A15F6642E00A26BE0 /* Products */;
			projectDirPath = "";
			projectRoot = "";
			targets = (
				56FF486815F6642E00A26BE0 /* Hello Name */,
			);
		};
/* End PBXProject section */

/* Begin PBXResourcesBuildPhase section */
		56FF486715F6642E00A26BE0 /* Resources */ = {
			isa = PBXResourcesBuildPhase;
			buildActionMask = 2147483647;
			files = (
				56FF487815F6642E00A26BE0 /* InfoPlist.strings in Resources */,
				56FF488415F6642E00A26BE0 /* MADViewController.xib in Resources */,
				56FF488B15F6650D00A26BE0 /* atlas.png in Resources */,
			);
			runOnlyForDeploymentPostprocessing = 0;
		};
/* End PBXResourcesBuildPhase section */

/* Begin PBXSourcesBuildPhase section */
		56FF486515F6642E00A26BE0 /* Sources */ = {
			isa = PBXSourcesBuildPhase;
			buildActionMask = 2147483647;
			files = (
				56FF487A15F6642E00A26BE0 /* main.m in Sources */,
				56FF487E15F6642E00A26BE0 /* MADAppDelegate.m in Sources */,
				56FF488115F6642E00A26BE0 /* MADViewController.m in Sources */,
			);
			runOnlyForDeploymentPostprocessing = 0;
		};
/* End PBXSourcesBuildPhase section */

/* Begin PBXVariantGroup section */
		56FF487615F6642E00A26BE0 /* InfoPlist.strings */ = {
			isa = PBXVariantGroup;
			children = (
				56FF487715F6642E00A26BE0 /* en */,
			);
			name = InfoPlist.strings;
			sourceTree = "<group>";
		};
		56FF488215F6642E00A26BE0 /* MADViewController.xib */ = {
			isa = PBXVariantGroup;
			children = (
				56FF488315F6642E00A26BE0 /* en */,
			);
			name = MADViewController.xib;
			sourceTree = "<group>";
		};
/* End PBXVariantGroup section */

/* Begin XCBuildConfiguration section */
		56FF488515F6642E00A26BE0 /* Debug */ = {
			isa = XCBuildConfiguration;
			buildSettings = {
				ALWAYS_SEARCH_USER_PATHS = NO;
				ARCHS = "$(ARCHS_STANDARD_32_BIT)";
				CLANG_ENABLE_OBJC_ARC = YES;
				"CODE_SIGN_IDENTITY[sdk=iphoneos*]" = "iPhone Developer";
				COPY_PHASE_STRIP = NO;
				GCC_C_LANGUAGE_STANDARD = gnu99;
				GCC_DYNAMIC_NO_PIC = NO;
				GCC_OPTIMIZATION_LEVEL = 0;
				GCC_PREPROCESSOR_DEFINITIONS = (
					"DEBUG=1",
					"$(inherited)",
				);
				GCC_SYMBOLS_PRIVATE_EXTERN = NO;
				GCC_VERSION = com.apple.compilers.llvm.clang.1_0;
				GCC_WARN_ABOUT_RETURN_TYPE = YES;
				GCC_WARN_UNINITIALIZED_AUTOS = YES;
				GCC_WARN_UNUSED_VARIABLE = YES;
				IPHONEOS_DEPLOYMENT_TARGET = 5.1;
				SDKROOT = iphoneos;
				TARGETED_DEVICE_FAMILY = 2;
			};
			name = Debug;
		};
		56FF488615F6642E00A26BE0 /* Release */ = {
			isa = XCBuildConfiguration;
			buildSettings = {
				ALWAYS_SEARCH_USER_PATHS = NO;
				ARCHS = "$(ARCHS_STANDARD_32_BIT)";
				CLANG_ENABLE_OBJC_ARC = YES;
				"CODE_SIGN_IDENTITY[sdk=iphoneos*]" = "iPhone Developer";
				COPY_PHASE_STRIP = YES;
				GCC_C_LANGUAGE_STANDARD = gnu99;
				GCC_VERSION = com.apple.compilers.llvm.clang.1_0;
				GCC_WARN_ABOUT_RETURN_TYPE = YES;
				GCC_WARN_UNINITIALIZED_AUTOS = YES;
				GCC_WARN_UNUSED_VARIABLE = YES;
				IPHONEOS_DEPLOYMENT_TARGET = 5.1;
				OTHER_CFLAGS = "-DNS_BLOCK_ASSERTIONS=1";
				SDKROOT = iphoneos;
				TARGETED_DEVICE_FAMILY = 2;
				VALIDATE_PRODUCT = YES;
			};
			name = Release;
		};
		56FF488815F6642E00A26BE0 /* Debug */ = {
			isa = XCBuildConfiguration;
			buildSettings = {
				GCC_PRECOMPILE_PREFIX_HEADER = YES;
				GCC_PREFIX_HEADER = "Hello Name/Hello Name-Prefix.pch";
				INFOPLIST_FILE = "Hello Name/Hello Name-Info.plist";
				PRODUCT_NAME = "$(TARGET_NAME)";
				WRAPPER_EXTENSION = app;
			};
			name = Debug;
		};
		56FF488915F6642E00A26BE0 /* Release */ = {
			isa = XCBuildConfiguration;
			buildSettings = {
				GCC_PRECOMPILE_PREFIX_HEADER = YES;
				GCC_PREFIX_HEADER = "Hello Name/Hello Name-Prefix.pch";
				INFOPLIST_FILE = "Hello Name/Hello Name-Info.plist";
				PRODUCT_NAME = "$(TARGET_NAME)";
				WRAPPER_EXTENSION = app;
			};
			name = Release;
		};
/* End XCBuildConfiguration section */

/* Begin XCConfigurationList section */
		56FF486315F6642E00A26BE0 /* Build configuration list for PBXProject "Hello Name" */ = {
			isa = XCConfigurationList;
			buildConfigurations = (
				56FF488515F6642E00A26BE0 /* Debug */,
				56FF488615F6642E00A26BE0 /* Release */,
			);
			defaultConfigurationIsVisible = 0;
			defaultConfigurationName = Release;
		};
		56FF488715F6642E00A26BE0 /* Build configuration list for PBXNativeTarget "Hello Name" */ = {
			isa = XCConfigurationList;
			buildConfigurations = (
				56FF488815F6642E00A26BE0 /* Debug */,
				56FF488915F6642E00A26BE0 /* Release */,
			);
			defaultConfigurationIsVisible = 0;
		};
/* End XCConfigurationList section */
	};
	rootObject = 56FF486015F6642E00A26BE0 /* Project object */;
}
