// !$*UTF8*$!
{
	archiveVersion = 1;
	classes = {
	};
	objectVersion = 46;
	objects = {

/* Begin PBXBuildFile section */
		0B5BF4611630543600C19E93 /* UIKit.framework in Frameworks */ = {isa = PBXBuildFile; fileRef = 0B5BF4601630543600C19E93 /* UIKit.framework */; };
		0B5BF4631630543600C19E93 /* Foundation.framework in Frameworks */ = {isa = PBXBuildFile; fileRef = 0B5BF4621630543600C19E93 /* Foundation.framework */; };
		0B5BF4651630543600C19E93 /* CoreGraphics.framework in Frameworks */ = {isa = PBXBuildFile; fileRef = 0B5BF4641630543600C19E93 /* CoreGraphics.framework */; };
		0B5BF46B1630543600C19E93 /* InfoPlist.strings in Resources */ = {isa = PBXBuildFile; fileRef = 0B5BF4691630543600C19E93 /* InfoPlist.strings */; };
		0B5BF46D1630543600C19E93 /* main.m in Sources */ = {isa = PBXBuildFile; fileRef = 0B5BF46C1630543600C19E93 /* main.m */; };
		0B5BF4711630543700C19E93 /* MADAppDelegate.m in Sources */ = {isa = PBXBuildFile; fileRef = 0B5BF4701630543600C19E93 /* MADAppDelegate.m */; };
		0B5BF4781630557600C19E93 /* TabBarController.xib in Resources */ = {isa = PBXBuildFile; fileRef = 0B5BF4771630557600C19E93 /* TabBarController.xib */; };
		0B5BF47B163055FD00C19E93 /* Boulder1.png in Resources */ = {isa = PBXBuildFile; fileRef = 0B5BF479163055FD00C19E93 /* Boulder1.png */; };
		0B5BF47C163055FD00C19E93 /* Boulder2.png in Resources */ = {isa = PBXBuildFile; fileRef = 0B5BF47A163055FD00C19E93 /* Boulder2.png */; };
		0B5BF48416305CAC00C19E93 /* MADFirstViewController.m in Sources */ = {isa = PBXBuildFile; fileRef = 0B5BF48216305CAC00C19E93 /* MADFirstViewController.m */; };
		0B5BF48516305CAC00C19E93 /* MADFirstViewController.xib in Resources */ = {isa = PBXBuildFile; fileRef = 0B5BF48316305CAC00C19E93 /* MADFirstViewController.xib */; };
		0B5BF48916305CD300C19E93 /* MADSecondViewController.m in Sources */ = {isa = PBXBuildFile; fileRef = 0B5BF48716305CD200C19E93 /* MADSecondViewController.m */; };
		0B5BF48A16305CD300C19E93 /* MADSecondViewController.xib in Resources */ = {isa = PBXBuildFile; fileRef = 0B5BF48816305CD200C19E93 /* MADSecondViewController.xib */; };
		0B5BF48C16305D3B00C19E93 /* boulderflatirons.png in Resources */ = {isa = PBXBuildFile; fileRef = 0B5BF48B16305D3B00C19E93 /* boulderflatirons.png */; };
		0B5BF4901630666A00C19E93 /* MADThirdViewController.m in Sources */ = {isa = PBXBuildFile; fileRef = 0B5BF48E1630666A00C19E93 /* MADThirdViewController.m */; };
		0B5BF4911630666A00C19E93 /* MADThirdViewController.xib in Resources */ = {isa = PBXBuildFile; fileRef = 0B5BF48F1630666A00C19E93 /* MADThirdViewController.xib */; };
/* End PBXBuildFile section */

/* Begin PBXFileReference section */
		0B5BF45C1630543600C19E93 /* Boulder.app */ = {isa = PBXFileReference; explicitFileType = wrapper.application; includeInIndex = 0; path = Boulder.app; sourceTree = BUILT_PRODUCTS_DIR; };
		0B5BF4601630543600C19E93 /* UIKit.framework */ = {isa = PBXFileReference; lastKnownFileType = wrapper.framework; name = UIKit.framework; path = System/Library/Frameworks/UIKit.framework; sourceTree = SDKROOT; };
		0B5BF4621630543600C19E93 /* Foundation.framework */ = {isa = PBXFileReference; lastKnownFileType = wrapper.framework; name = Foundation.framework; path = System/Library/Frameworks/Foundation.framework; sourceTree = SDKROOT; };
		0B5BF4641630543600C19E93 /* CoreGraphics.framework */ = {isa = PBXFileReference; lastKnownFileType = wrapper.framework; name = CoreGraphics.framework; path = System/Library/Frameworks/CoreGraphics.framework; sourceTree = SDKROOT; };
		0B5BF4681630543600C19E93 /* Boulder-Info.plist */ = {isa = PBXFileReference; lastKnownFileType = text.plist.xml; path = "Boulder-Info.plist"; sourceTree = "<group>"; };
		0B5BF46A1630543600C19E93 /* en */ = {isa = PBXFileReference; lastKnownFileType = text.plist.strings; name = en; path = en.lproj/InfoPlist.strings; sourceTree = "<group>"; };
		0B5BF46C1630543600C19E93 /* main.m */ = {isa = PBXFileReference; lastKnownFileType = sourcecode.c.objc; path = main.m; sourceTree = "<group>"; };
		0B5BF46E1630543600C19E93 /* Boulder-Prefix.pch */ = {isa = PBXFileReference; lastKnownFileType = sourcecode.c.h; path = "Boulder-Prefix.pch"; sourceTree = "<group>"; };
		0B5BF46F1630543600C19E93 /* MADAppDelegate.h */ = {isa = PBXFileReference; lastKnownFileType = sourcecode.c.h; path = MADAppDelegate.h; sourceTree = "<group>"; };
		0B5BF4701630543600C19E93 /* MADAppDelegate.m */ = {isa = PBXFileReference; lastKnownFileType = sourcecode.c.objc; path = MADAppDelegate.m; sourceTree = "<group>"; };
		0B5BF4771630557600C19E93 /* TabBarController.xib */ = {isa = PBXFileReference; fileEncoding = 4; lastKnownFileType = file.xib; name = TabBarController.xib; path = ../TabBarController.xib; sourceTree = "<group>"; };
		0B5BF479163055FD00C19E93 /* Boulder1.png */ = {isa = PBXFileReference; lastKnownFileType = image.png; path = Boulder1.png; sourceTree = "<group>"; };
		0B5BF47A163055FD00C19E93 /* Boulder2.png */ = {isa = PBXFileReference; lastKnownFileType = image.png; path = Boulder2.png; sourceTree = "<group>"; };
		0B5BF48116305CAB00C19E93 /* MADFirstViewController.h */ = {isa = PBXFileReference; fileEncoding = 4; lastKnownFileType = sourcecode.c.h; path = MADFirstViewController.h; sourceTree = "<group>"; };
		0B5BF48216305CAC00C19E93 /* MADFirstViewController.m */ = {isa = PBXFileReference; fileEncoding = 4; lastKnownFileType = sourcecode.c.objc; path = MADFirstViewController.m; sourceTree = "<group>"; };
		0B5BF48316305CAC00C19E93 /* MADFirstViewController.xib */ = {isa = PBXFileReference; fileEncoding = 4; lastKnownFileType = file.xib; path = MADFirstViewController.xib; sourceTree = "<group>"; };
		0B5BF48616305CD200C19E93 /* MADSecondViewController.h */ = {isa = PBXFileReference; fileEncoding = 4; lastKnownFileType = sourcecode.c.h; path = MADSecondViewController.h; sourceTree = "<group>"; };
		0B5BF48716305CD200C19E93 /* MADSecondViewController.m */ = {isa = PBXFileReference; fileEncoding = 4; lastKnownFileType = sourcecode.c.objc; path = MADSecondViewController.m; sourceTree = "<group>"; };
		0B5BF48816305CD200C19E93 /* MADSecondViewController.xib */ = {isa = PBXFileReference; fileEncoding = 4; lastKnownFileType = file.xib; path = MADSecondViewController.xib; sourceTree = "<group>"; };
		0B5BF48B16305D3B00C19E93 /* boulderflatirons.png */ = {isa = PBXFileReference; lastKnownFileType = image.png; path = boulderflatirons.png; sourceTree = "<group>"; };
		0B5BF48D1630666A00C19E93 /* MADThirdViewController.h */ = {isa = PBXFileReference; fileEncoding = 4; lastKnownFileType = sourcecode.c.h; path = MADThirdViewController.h; sourceTree = "<group>"; };
		0B5BF48E1630666A00C19E93 /* MADThirdViewController.m */ = {isa = PBXFileReference; fileEncoding = 4; lastKnownFileType = sourcecode.c.objc; path = MADThirdViewController.m; sourceTree = "<group>"; };
		0B5BF48F1630666A00C19E93 /* MADThirdViewController.xib */ = {isa = PBXFileReference; fileEncoding = 4; lastKnownFileType = file.xib; path = MADThirdViewController.xib; sourceTree = "<group>"; };
/* End PBXFileReference section */

/* Begin PBXFrameworksBuildPhase section */
		0B5BF4591630543600C19E93 /* Frameworks */ = {
			isa = PBXFrameworksBuildPhase;
			buildActionMask = 2147483647;
			files = (
				0B5BF4611630543600C19E93 /* UIKit.framework in Frameworks */,
				0B5BF4631630543600C19E93 /* Foundation.framework in Frameworks */,
				0B5BF4651630543600C19E93 /* CoreGraphics.framework in Frameworks */,
			);
			runOnlyForDeploymentPostprocessing = 0;
		};
/* End PBXFrameworksBuildPhase section */

/* Begin PBXGroup section */
		0B5BF4511630543600C19E93 = {
			isa = PBXGroup;
			children = (
				0B5BF4661630543600C19E93 /* Boulder */,
				0B5BF45F1630543600C19E93 /* Frameworks */,
				0B5BF45D1630543600C19E93 /* Products */,
			);
			sourceTree = "<group>";
		};
		0B5BF45D1630543600C19E93 /* Products */ = {
			isa = PBXGroup;
			children = (
				0B5BF45C1630543600C19E93 /* Boulder.app */,
			);
			name = Products;
			sourceTree = "<group>";
		};
		0B5BF45F1630543600C19E93 /* Frameworks */ = {
			isa = PBXGroup;
			children = (
				0B5BF4601630543600C19E93 /* UIKit.framework */,
				0B5BF4621630543600C19E93 /* Foundation.framework */,
				0B5BF4641630543600C19E93 /* CoreGraphics.framework */,
			);
			name = Frameworks;
			sourceTree = "<group>";
		};
		0B5BF4661630543600C19E93 /* Boulder */ = {
			isa = PBXGroup;
			children = (
				0B5BF46F1630543600C19E93 /* MADAppDelegate.h */,
				0B5BF4701630543600C19E93 /* MADAppDelegate.m */,
				0B5BF4771630557600C19E93 /* TabBarController.xib */,
				0B5BF48D1630666A00C19E93 /* MADThirdViewController.h */,
				0B5BF48E1630666A00C19E93 /* MADThirdViewController.m */,
				0B5BF48F1630666A00C19E93 /* MADThirdViewController.xib */,
				0B5BF48116305CAB00C19E93 /* MADFirstViewController.h */,
				0B5BF48216305CAC00C19E93 /* MADFirstViewController.m */,
				0B5BF48316305CAC00C19E93 /* MADFirstViewController.xib */,
				0B5BF48616305CD200C19E93 /* MADSecondViewController.h */,
				0B5BF48716305CD200C19E93 /* MADSecondViewController.m */,
				0B5BF48816305CD200C19E93 /* MADSecondViewController.xib */,
				0B5BF4671630543600C19E93 /* Supporting Files */,
			);
			path = Boulder;
			sourceTree = "<group>";
		};
		0B5BF4671630543600C19E93 /* Supporting Files */ = {
			isa = PBXGroup;
			children = (
				0B5BF48B16305D3B00C19E93 /* boulderflatirons.png */,
				0B5BF479163055FD00C19E93 /* Boulder1.png */,
				0B5BF47A163055FD00C19E93 /* Boulder2.png */,
				0B5BF4681630543600C19E93 /* Boulder-Info.plist */,
				0B5BF4691630543600C19E93 /* InfoPlist.strings */,
				0B5BF46C1630543600C19E93 /* main.m */,
				0B5BF46E1630543600C19E93 /* Boulder-Prefix.pch */,
			);
			name = "Supporting Files";
			sourceTree = "<group>";
		};
/* End PBXGroup section */

/* Begin PBXNativeTarget section */
		0B5BF45B1630543600C19E93 /* Boulder */ = {
			isa = PBXNativeTarget;
			buildConfigurationList = 0B5BF4741630543700C19E93 /* Build configuration list for PBXNativeTarget "Boulder" */;
			buildPhases = (
				0B5BF4581630543600C19E93 /* Sources */,
				0B5BF4591630543600C19E93 /* Frameworks */,
				0B5BF45A1630543600C19E93 /* Resources */,
			);
			buildRules = (
			);
			dependencies = (
			);
			name = Boulder;
			productName = Boulder;
			productReference = 0B5BF45C1630543600C19E93 /* Boulder.app */;
			productType = "com.apple.product-type.application";
		};
/* End PBXNativeTarget section */

/* Begin PBXProject section */
		0B5BF4531630543600C19E93 /* Project object */ = {
			isa = PBXProject;
			attributes = {
				CLASSPREFIX = MAD;
				LastUpgradeCheck = 0440;
				ORGANIZATIONNAME = "Mattie Nobles";
			};
			buildConfigurationList = 0B5BF4561630543600C19E93 /* Build configuration list for PBXProject "Boulder" */;
			compatibilityVersion = "Xcode 3.2";
			developmentRegion = English;
			hasScannedForEncodings = 0;
			knownRegions = (
				en,
			);
			mainGroup = 0B5BF4511630543600C19E93;
			productRefGroup = 0B5BF45D1630543600C19E93 /* Products */;
			projectDirPath = "";
			projectRoot = "";
			targets = (
				0B5BF45B1630543600C19E93 /* Boulder */,
			);
		};
/* End PBXProject section */

/* Begin PBXResourcesBuildPhase section */
		0B5BF45A1630543600C19E93 /* Resources */ = {
			isa = PBXResourcesBuildPhase;
			buildActionMask = 2147483647;
			files = (
				0B5BF46B1630543600C19E93 /* InfoPlist.strings in Resources */,
				0B5BF4781630557600C19E93 /* TabBarController.xib in Resources */,
				0B5BF47B163055FD00C19E93 /* Boulder1.png in Resources */,
				0B5BF47C163055FD00C19E93 /* Boulder2.png in Resources */,
				0B5BF48516305CAC00C19E93 /* MADFirstViewController.xib in Resources */,
				0B5BF48A16305CD300C19E93 /* MADSecondViewController.xib in Resources */,
				0B5BF48C16305D3B00C19E93 /* boulderflatirons.png in Resources */,
				0B5BF4911630666A00C19E93 /* MADThirdViewController.xib in Resources */,
			);
			runOnlyForDeploymentPostprocessing = 0;
		};
/* End PBXResourcesBuildPhase section */

/* Begin PBXSourcesBuildPhase section */
		0B5BF4581630543600C19E93 /* Sources */ = {
			isa = PBXSourcesBuildPhase;
			buildActionMask = 2147483647;
			files = (
				0B5BF46D1630543600C19E93 /* main.m in Sources */,
				0B5BF4711630543700C19E93 /* MADAppDelegate.m in Sources */,
				0B5BF48416305CAC00C19E93 /* MADFirstViewController.m in Sources */,
				0B5BF48916305CD300C19E93 /* MADSecondViewController.m in Sources */,
				0B5BF4901630666A00C19E93 /* MADThirdViewController.m in Sources */,
			);
			runOnlyForDeploymentPostprocessing = 0;
		};
/* End PBXSourcesBuildPhase section */

/* Begin PBXVariantGroup section */
		0B5BF4691630543600C19E93 /* InfoPlist.strings */ = {
			isa = PBXVariantGroup;
			children = (
				0B5BF46A1630543600C19E93 /* en */,
			);
			name = InfoPlist.strings;
			sourceTree = "<group>";
		};
/* End PBXVariantGroup section */

/* Begin XCBuildConfiguration section */
		0B5BF4721630543700C19E93 /* Debug */ = {
			isa = XCBuildConfiguration;
			buildSettings = {
				ALWAYS_SEARCH_USER_PATHS = NO;
				ARCHS = "$(ARCHS_STANDARD_32_BIT)";
				CLANG_CXX_LANGUAGE_STANDARD = "gnu++0x";
				CLANG_ENABLE_OBJC_ARC = YES;
				CLANG_WARN__DUPLICATE_METHOD_MATCH = YES;
				"CODE_SIGN_IDENTITY[sdk=iphoneos*]" = "iPhone Developer";
				COPY_PHASE_STRIP = NO;
				GCC_C_LANGUAGE_STANDARD = gnu99;
				GCC_DYNAMIC_NO_PIC = NO;
				GCC_OPTIMIZATION_LEVEL = 0;
				GCC_PREPROCESSOR_DEFINITIONS = (
					"DEBUG=1",
					"$(inherited)",
				);
				GCC_SYMBOLS_PRIVATE_EXTERN = NO;
				GCC_VERSION = com.apple.compilers.llvm.clang.1_0;
				GCC_WARN_ABOUT_RETURN_TYPE = YES;
				GCC_WARN_UNINITIALIZED_AUTOS = YES;
				GCC_WARN_UNUSED_VARIABLE = YES;
				IPHONEOS_DEPLOYMENT_TARGET = 5.1;
				SDKROOT = iphoneos;
				TARGETED_DEVICE_FAMILY = 2;
			};
			name = Debug;
		};
		0B5BF4731630543700C19E93 /* Release */ = {
			isa = XCBuildConfiguration;
			buildSettings = {
				ALWAYS_SEARCH_USER_PATHS = NO;
				ARCHS = "$(ARCHS_STANDARD_32_BIT)";
				CLANG_CXX_LANGUAGE_STANDARD = "gnu++0x";
				CLANG_ENABLE_OBJC_ARC = YES;
				CLANG_WARN__DUPLICATE_METHOD_MATCH = YES;
				"CODE_SIGN_IDENTITY[sdk=iphoneos*]" = "iPhone Developer";
				COPY_PHASE_STRIP = YES;
				GCC_C_LANGUAGE_STANDARD = gnu99;
				GCC_VERSION = com.apple.compilers.llvm.clang.1_0;
				GCC_WARN_ABOUT_RETURN_TYPE = YES;
				GCC_WARN_UNINITIALIZED_AUTOS = YES;
				GCC_WARN_UNUSED_VARIABLE = YES;
				IPHONEOS_DEPLOYMENT_TARGET = 5.1;
				OTHER_CFLAGS = "-DNS_BLOCK_ASSERTIONS=1";
				SDKROOT = iphoneos;
				TARGETED_DEVICE_FAMILY = 2;
				VALIDATE_PRODUCT = YES;
			};
			name = Release;
		};
		0B5BF4751630543700C19E93 /* Debug */ = {
			isa = XCBuildConfiguration;
			buildSettings = {
				GCC_PRECOMPILE_PREFIX_HEADER = YES;
				GCC_PREFIX_HEADER = "Boulder/Boulder-Prefix.pch";
				INFOPLIST_FILE = "Boulder/Boulder-Info.plist";
				PRODUCT_NAME = "$(TARGET_NAME)";
				WRAPPER_EXTENSION = app;
			};
			name = Debug;
		};
		0B5BF4761630543700C19E93 /* Release */ = {
			isa = XCBuildConfiguration;
			buildSettings = {
				GCC_PRECOMPILE_PREFIX_HEADER = YES;
				GCC_PREFIX_HEADER = "Boulder/Boulder-Prefix.pch";
				INFOPLIST_FILE = "Boulder/Boulder-Info.plist";
				PRODUCT_NAME = "$(TARGET_NAME)";
				WRAPPER_EXTENSION = app;
			};
			name = Release;
		};
/* End XCBuildConfiguration section */

/* Begin XCConfigurationList section */
		0B5BF4561630543600C19E93 /* Build configuration list for PBXProject "Boulder" */ = {
			isa = XCConfigurationList;
			buildConfigurations = (
				0B5BF4721630543700C19E93 /* Debug */,
				0B5BF4731630543700C19E93 /* Release */,
			);
			defaultConfigurationIsVisible = 0;
			defaultConfigurationName = Release;
		};
		0B5BF4741630543700C19E93 /* Build configuration list for PBXNativeTarget "Boulder" */ = {
			isa = XCConfigurationList;
			buildConfigurations = (
				0B5BF4751630543700C19E93 /* Debug */,
				0B5BF4761630543700C19E93 /* Release */,
			);
			defaultConfigurationIsVisible = 0;
		};
/* End XCConfigurationList section */
	};
	rootObject = 0B5BF4531630543600C19E93 /* Project object */;
}
