// !$*UTF8*$!
{
	archiveVersion = 1;
	classes = {
	};
	objectVersion = 46;
	objects = {

/* Begin PBXBuildFile section */
		564C166D164A5324002DF42A /* UIKit.framework in Frameworks */ = {isa = PBXBuildFile; fileRef = 564C166C164A5324002DF42A /* UIKit.framework */; };
		564C166F164A5324002DF42A /* Foundation.framework in Frameworks */ = {isa = PBXBuildFile; fileRef = 564C166E164A5324002DF42A /* Foundation.framework */; };
		564C1671164A5324002DF42A /* CoreGraphics.framework in Frameworks */ = {isa = PBXBuildFile; fileRef = 564C1670164A5324002DF42A /* CoreGraphics.framework */; };
		564C1677164A5324002DF42A /* InfoPlist.strings in Resources */ = {isa = PBXBuildFile; fileRef = 564C1675164A5324002DF42A /* InfoPlist.strings */; };
		564C1679164A5324002DF42A /* main.m in Sources */ = {isa = PBXBuildFile; fileRef = 564C1678164A5324002DF42A /* main.m */; };
		564C167D164A5324002DF42A /* HWLAppDelegate.m in Sources */ = {isa = PBXBuildFile; fileRef = 564C167C164A5324002DF42A /* HWLAppDelegate.m */; };
		564C1680164A5324002DF42A /* MainStoryboard.storyboard in Resources */ = {isa = PBXBuildFile; fileRef = 564C167E164A5324002DF42A /* MainStoryboard.storyboard */; };
		564C1683164A5324002DF42A /* HWLFirstViewController.m in Sources */ = {isa = PBXBuildFile; fileRef = 564C1682164A5324002DF42A /* HWLFirstViewController.m */; };
		564C1685164A5324002DF42A /* first.png in Resources */ = {isa = PBXBuildFile; fileRef = 564C1684164A5324002DF42A /* first.png */; };
		564C1687164A5324002DF42A /* first@2x.png in Resources */ = {isa = PBXBuildFile; fileRef = 564C1686164A5324002DF42A /* first@2x.png */; };
		564C168A164A5324002DF42A /* HWLSecondViewController.m in Sources */ = {isa = PBXBuildFile; fileRef = 564C1689164A5324002DF42A /* HWLSecondViewController.m */; };
		564C168C164A5324002DF42A /* second.png in Resources */ = {isa = PBXBuildFile; fileRef = 564C168B164A5324002DF42A /* second.png */; };
		564C168E164A5324002DF42A /* second@2x.png in Resources */ = {isa = PBXBuildFile; fileRef = 564C168D164A5324002DF42A /* second@2x.png */; };
		56B1E706164F7A5A00540FD7 /* DisabilityList.plist in Resources */ = {isa = PBXBuildFile; fileRef = 56B1E705164F7A5A00540FD7 /* DisabilityList.plist */; };
		56B1E709164F7B0500540FD7 /* continents.plist in Resources */ = {isa = PBXBuildFile; fileRef = 56B1E708164F7B0500540FD7 /* continents.plist */; };
		56B1E7141650A10500540FD7 /* HWLThirdViewController.m in Sources */ = {isa = PBXBuildFile; fileRef = 56B1E7131650A10500540FD7 /* HWLThirdViewController.m */; };
		56B1E7201650B40700540FD7 /* HWLDetailViewController.m in Sources */ = {isa = PBXBuildFile; fileRef = 56B1E71F1650B40700540FD7 /* HWLDetailViewController.m */; };
		56B1E7221650C18B00540FD7 /* wheelchairsymbol.jpg in Resources */ = {isa = PBXBuildFile; fileRef = 56B1E7211650C18B00540FD7 /* wheelchairsymbol.jpg */; };
		56B1E7241650DA0800540FD7 /* disability.png in Resources */ = {isa = PBXBuildFile; fileRef = 56B1E7231650DA0800540FD7 /* disability.png */; };
		56B1E7261650DA1000540FD7 /* disability1.png in Resources */ = {isa = PBXBuildFile; fileRef = 56B1E7251650DA1000540FD7 /* disability1.png */; };
		56B1E7281650DA4900540FD7 /* disability1.png in Resources */ = {isa = PBXBuildFile; fileRef = 56B1E7271650DA4900540FD7 /* disability1.png */; };
		56B1E72A1650DA5200540FD7 /* disability.png in Resources */ = {isa = PBXBuildFile; fileRef = 56B1E7291650DA5200540FD7 /* disability.png */; };
/* End PBXBuildFile section */

/* Begin PBXFileReference section */
		564C1668164A5324002DF42A /* Disability List.app */ = {isa = PBXFileReference; explicitFileType = wrapper.application; includeInIndex = 0; path = "Disability List.app"; sourceTree = BUILT_PRODUCTS_DIR; };
		564C166C164A5324002DF42A /* UIKit.framework */ = {isa = PBXFileReference; lastKnownFileType = wrapper.framework; name = UIKit.framework; path = System/Library/Frameworks/UIKit.framework; sourceTree = SDKROOT; };
		564C166E164A5324002DF42A /* Foundation.framework */ = {isa = PBXFileReference; lastKnownFileType = wrapper.framework; name = Foundation.framework; path = System/Library/Frameworks/Foundation.framework; sourceTree = SDKROOT; };
		564C1670164A5324002DF42A /* CoreGraphics.framework */ = {isa = PBXFileReference; lastKnownFileType = wrapper.framework; name = CoreGraphics.framework; path = System/Library/Frameworks/CoreGraphics.framework; sourceTree = SDKROOT; };
		564C1674164A5324002DF42A /* Disability List-Info.plist */ = {isa = PBXFileReference; lastKnownFileType = text.plist.xml; path = "Disability List-Info.plist"; sourceTree = "<group>"; };
		564C1676164A5324002DF42A /* en */ = {isa = PBXFileReference; lastKnownFileType = text.plist.strings; name = en; path = en.lproj/InfoPlist.strings; sourceTree = "<group>"; };
		564C1678164A5324002DF42A /* main.m */ = {isa = PBXFileReference; lastKnownFileType = sourcecode.c.objc; path = main.m; sourceTree = "<group>"; };
		564C167A164A5324002DF42A /* Disability List-Prefix.pch */ = {isa = PBXFileReference; lastKnownFileType = sourcecode.c.h; path = "Disability List-Prefix.pch"; sourceTree = "<group>"; };
		564C167B164A5324002DF42A /* HWLAppDelegate.h */ = {isa = PBXFileReference; lastKnownFileType = sourcecode.c.h; path = HWLAppDelegate.h; sourceTree = "<group>"; };
		564C167C164A5324002DF42A /* HWLAppDelegate.m */ = {isa = PBXFileReference; lastKnownFileType = sourcecode.c.objc; path = HWLAppDelegate.m; sourceTree = "<group>"; };
		564C167F164A5324002DF42A /* en */ = {isa = PBXFileReference; lastKnownFileType = file.storyboard; name = en; path = en.lproj/MainStoryboard.storyboard; sourceTree = "<group>"; };
		564C1681164A5324002DF42A /* HWLFirstViewController.h */ = {isa = PBXFileReference; lastKnownFileType = sourcecode.c.h; path = HWLFirstViewController.h; sourceTree = "<group>"; };
		564C1682164A5324002DF42A /* HWLFirstViewController.m */ = {isa = PBXFileReference; lastKnownFileType = sourcecode.c.objc; path = HWLFirstViewController.m; sourceTree = "<group>"; };
		564C1684164A5324002DF42A /* first.png */ = {isa = PBXFileReference; lastKnownFileType = image.png; path = first.png; sourceTree = "<group>"; };
		564C1686164A5324002DF42A /* first@2x.png */ = {isa = PBXFileReference; lastKnownFileType = image.png; path = "first@2x.png"; sourceTree = "<group>"; };
		564C1688164A5324002DF42A /* HWLSecondViewController.h */ = {isa = PBXFileReference; lastKnownFileType = sourcecode.c.h; path = HWLSecondViewController.h; sourceTree = "<group>"; };
		564C1689164A5324002DF42A /* HWLSecondViewController.m */ = {isa = PBXFileReference; lastKnownFileType = sourcecode.c.objc; path = HWLSecondViewController.m; sourceTree = "<group>"; };
		564C168B164A5324002DF42A /* second.png */ = {isa = PBXFileReference; lastKnownFileType = image.png; path = second.png; sourceTree = "<group>"; };
		564C168D164A5324002DF42A /* second@2x.png */ = {isa = PBXFileReference; lastKnownFileType = image.png; path = "second@2x.png"; sourceTree = "<group>"; };
		56B1E705164F7A5A00540FD7 /* DisabilityList.plist */ = {isa = PBXFileReference; fileEncoding = 4; lastKnownFileType = text.plist.xml; path = DisabilityList.plist; sourceTree = "<group>"; };
		56B1E708164F7B0500540FD7 /* continents.plist */ = {isa = PBXFileReference; fileEncoding = 4; lastKnownFileType = text.plist.xml; name = continents.plist; path = ../../../../../../Users/muna0394/Downloads/continents.plist; sourceTree = "<group>"; };
		56B1E7121650A10500540FD7 /* HWLThirdViewController.h */ = {isa = PBXFileReference; fileEncoding = 4; lastKnownFileType = sourcecode.c.h; path = HWLThirdViewController.h; sourceTree = "<group>"; };
		56B1E7131650A10500540FD7 /* HWLThirdViewController.m */ = {isa = PBXFileReference; fileEncoding = 4; lastKnownFileType = sourcecode.c.objc; path = HWLThirdViewController.m; sourceTree = "<group>"; };
		56B1E71E1650B40700540FD7 /* HWLDetailViewController.h */ = {isa = PBXFileReference; fileEncoding = 4; lastKnownFileType = sourcecode.c.h; path = HWLDetailViewController.h; sourceTree = "<group>"; };
		56B1E71F1650B40700540FD7 /* HWLDetailViewController.m */ = {isa = PBXFileReference; fileEncoding = 4; lastKnownFileType = sourcecode.c.objc; path = HWLDetailViewController.m; sourceTree = "<group>"; };
		56B1E7211650C18B00540FD7 /* wheelchairsymbol.jpg */ = {isa = PBXFileReference; lastKnownFileType = image.jpeg; path = wheelchairsymbol.jpg; sourceTree = "<group>"; };
		56B1E7231650DA0800540FD7 /* disability.png */ = {isa = PBXFileReference; lastKnownFileType = image.png; path = disability.png; sourceTree = "<group>"; };
		56B1E7251650DA1000540FD7 /* disability1.png */ = {isa = PBXFileReference; lastKnownFileType = image.png; path = disability1.png; sourceTree = "<group>"; };
		56B1E7271650DA4900540FD7 /* disability1.png */ = {isa = PBXFileReference; lastKnownFileType = image.png; path = disability1.png; sourceTree = "<group>"; };
		56B1E7291650DA5200540FD7 /* disability.png */ = {isa = PBXFileReference; lastKnownFileType = image.png; path = disability.png; sourceTree = "<group>"; };
/* End PBXFileReference section */

/* Begin PBXFrameworksBuildPhase section */
		564C1665164A5324002DF42A /* Frameworks */ = {
			isa = PBXFrameworksBuildPhase;
			buildActionMask = 2147483647;
			files = (
				564C166D164A5324002DF42A /* UIKit.framework in Frameworks */,
				564C166F164A5324002DF42A /* Foundation.framework in Frameworks */,
				564C1671164A5324002DF42A /* CoreGraphics.framework in Frameworks */,
			);
			runOnlyForDeploymentPostprocessing = 0;
		};
/* End PBXFrameworksBuildPhase section */

/* Begin PBXGroup section */
		564C165D164A5324002DF42A = {
			isa = PBXGroup;
			children = (
				56B1E7291650DA5200540FD7 /* disability.png */,
				56B1E7271650DA4900540FD7 /* disability1.png */,
				564C1672164A5324002DF42A /* Disability List */,
				564C166B164A5324002DF42A /* Frameworks */,
				564C1669164A5324002DF42A /* Products */,
			);
			sourceTree = "<group>";
		};
		564C1669164A5324002DF42A /* Products */ = {
			isa = PBXGroup;
			children = (
				564C1668164A5324002DF42A /* Disability List.app */,
			);
			name = Products;
			sourceTree = "<group>";
		};
		564C166B164A5324002DF42A /* Frameworks */ = {
			isa = PBXGroup;
			children = (
				564C166C164A5324002DF42A /* UIKit.framework */,
				564C166E164A5324002DF42A /* Foundation.framework */,
				564C1670164A5324002DF42A /* CoreGraphics.framework */,
			);
			name = Frameworks;
			sourceTree = "<group>";
		};
		564C1672164A5324002DF42A /* Disability List */ = {
			isa = PBXGroup;
			children = (
				564C167B164A5324002DF42A /* HWLAppDelegate.h */,
				564C167C164A5324002DF42A /* HWLAppDelegate.m */,
				564C167E164A5324002DF42A /* MainStoryboard.storyboard */,
				56B1E71E1650B40700540FD7 /* HWLDetailViewController.h */,
				56B1E71F1650B40700540FD7 /* HWLDetailViewController.m */,
				56B1E7121650A10500540FD7 /* HWLThirdViewController.h */,
				56B1E7131650A10500540FD7 /* HWLThirdViewController.m */,
				56B1E705164F7A5A00540FD7 /* DisabilityList.plist */,
				564C1681164A5324002DF42A /* HWLFirstViewController.h */,
				564C1682164A5324002DF42A /* HWLFirstViewController.m */,
				564C1684164A5324002DF42A /* first.png */,
				564C1686164A5324002DF42A /* first@2x.png */,
				564C1688164A5324002DF42A /* HWLSecondViewController.h */,
				564C1689164A5324002DF42A /* HWLSecondViewController.m */,
				564C168B164A5324002DF42A /* second.png */,
				564C168D164A5324002DF42A /* second@2x.png */,
				564C1673164A5324002DF42A /* Supporting Files */,
			);
			path = "Disability List";
			sourceTree = "<group>";
		};
		564C1673164A5324002DF42A /* Supporting Files */ = {
			isa = PBXGroup;
			children = (
				564C1674164A5324002DF42A /* Disability List-Info.plist */,
				564C1675164A5324002DF42A /* InfoPlist.strings */,
				56B1E708164F7B0500540FD7 /* continents.plist */,
				564C1678164A5324002DF42A /* main.m */,
				56B1E7231650DA0800540FD7 /* disability.png */,
				56B1E7251650DA1000540FD7 /* disability1.png */,
				56B1E7211650C18B00540FD7 /* wheelchairsymbol.jpg */,
				564C167A164A5324002DF42A /* Disability List-Prefix.pch */,
			);
			name = "Supporting Files";
			sourceTree = "<group>";
		};
/* End PBXGroup section */

/* Begin PBXNativeTarget section */
		564C1667164A5324002DF42A /* Disability List */ = {
			isa = PBXNativeTarget;
			buildConfigurationList = 564C1691164A5324002DF42A /* Build configuration list for PBXNativeTarget "Disability List" */;
			buildPhases = (
				564C1664164A5324002DF42A /* Sources */,
				564C1665164A5324002DF42A /* Frameworks */,
				564C1666164A5324002DF42A /* Resources */,
			);
			buildRules = (
			);
			dependencies = (
			);
			name = "Disability List";
			productName = "Disability List";
			productReference = 564C1668164A5324002DF42A /* Disability List.app */;
			productType = "com.apple.product-type.application";
		};
/* End PBXNativeTarget section */

/* Begin PBXProject section */
		564C165F164A5324002DF42A /* Project object */ = {
			isa = PBXProject;
			attributes = {
				CLASSPREFIX = HWL;
				LastUpgradeCheck = 0430;
			};
			buildConfigurationList = 564C1662164A5324002DF42A /* Build configuration list for PBXProject "Disability List" */;
			compatibilityVersion = "Xcode 3.2";
			developmentRegion = English;
			hasScannedForEncodings = 0;
			knownRegions = (
				en,
			);
			mainGroup = 564C165D164A5324002DF42A;
			productRefGroup = 564C1669164A5324002DF42A /* Products */;
			projectDirPath = "";
			projectRoot = "";
			targets = (
				564C1667164A5324002DF42A /* Disability List */,
			);
		};
/* End PBXProject section */

/* Begin PBXResourcesBuildPhase section */
		564C1666164A5324002DF42A /* Resources */ = {
			isa = PBXResourcesBuildPhase;
			buildActionMask = 2147483647;
			files = (
				564C1677164A5324002DF42A /* InfoPlist.strings in Resources */,
				564C1680164A5324002DF42A /* MainStoryboard.storyboard in Resources */,
				564C1685164A5324002DF42A /* first.png in Resources */,
				564C1687164A5324002DF42A /* first@2x.png in Resources */,
				564C168C164A5324002DF42A /* second.png in Resources */,
				564C168E164A5324002DF42A /* second@2x.png in Resources */,
				56B1E706164F7A5A00540FD7 /* DisabilityList.plist in Resources */,
				56B1E709164F7B0500540FD7 /* continents.plist in Resources */,
				56B1E7221650C18B00540FD7 /* wheelchairsymbol.jpg in Resources */,
				56B1E7241650DA0800540FD7 /* disability.png in Resources */,
				56B1E7261650DA1000540FD7 /* disability1.png in Resources */,
				56B1E7281650DA4900540FD7 /* disability1.png in Resources */,
				56B1E72A1650DA5200540FD7 /* disability.png in Resources */,
			);
			runOnlyForDeploymentPostprocessing = 0;
		};
/* End PBXResourcesBuildPhase section */

/* Begin PBXSourcesBuildPhase section */
		564C1664164A5324002DF42A /* Sources */ = {
			isa = PBXSourcesBuildPhase;
			buildActionMask = 2147483647;
			files = (
				564C1679164A5324002DF42A /* main.m in Sources */,
				564C167D164A5324002DF42A /* HWLAppDelegate.m in Sources */,
				564C1683164A5324002DF42A /* HWLFirstViewController.m in Sources */,
				564C168A164A5324002DF42A /* HWLSecondViewController.m in Sources */,
				56B1E7141650A10500540FD7 /* HWLThirdViewController.m in Sources */,
				56B1E7201650B40700540FD7 /* HWLDetailViewController.m in Sources */,
			);
			runOnlyForDeploymentPostprocessing = 0;
		};
/* End PBXSourcesBuildPhase section */

/* Begin PBXVariantGroup section */
		564C1675164A5324002DF42A /* InfoPlist.strings */ = {
			isa = PBXVariantGroup;
			children = (
				564C1676164A5324002DF42A /* en */,
			);
			name = InfoPlist.strings;
			sourceTree = "<group>";
		};
		564C167E164A5324002DF42A /* MainStoryboard.storyboard */ = {
			isa = PBXVariantGroup;
			children = (
				564C167F164A5324002DF42A /* en */,
			);
			name = MainStoryboard.storyboard;
			sourceTree = "<group>";
		};
/* End PBXVariantGroup section */

/* Begin XCBuildConfiguration section */
		564C168F164A5324002DF42A /* Debug */ = {
			isa = XCBuildConfiguration;
			buildSettings = {
				ALWAYS_SEARCH_USER_PATHS = NO;
				ARCHS = "$(ARCHS_STANDARD_32_BIT)";
				CLANG_ENABLE_OBJC_ARC = YES;
				"CODE_SIGN_IDENTITY[sdk=iphoneos*]" = "iPhone Developer";
				COPY_PHASE_STRIP = NO;
				GCC_C_LANGUAGE_STANDARD = gnu99;
				GCC_DYNAMIC_NO_PIC = NO;
				GCC_OPTIMIZATION_LEVEL = 0;
				GCC_PREPROCESSOR_DEFINITIONS = (
					"DEBUG=1",
					"$(inherited)",
				);
				GCC_SYMBOLS_PRIVATE_EXTERN = NO;
				GCC_VERSION = com.apple.compilers.llvm.clang.1_0;
				GCC_WARN_ABOUT_RETURN_TYPE = YES;
				GCC_WARN_UNINITIALIZED_AUTOS = YES;
				GCC_WARN_UNUSED_VARIABLE = YES;
				IPHONEOS_DEPLOYMENT_TARGET = 5.1;
				SDKROOT = iphoneos;
			};
			name = Debug;
		};
		564C1690164A5324002DF42A /* Release */ = {
			isa = XCBuildConfiguration;
			buildSettings = {
				ALWAYS_SEARCH_USER_PATHS = NO;
				ARCHS = "$(ARCHS_STANDARD_32_BIT)";
				CLANG_ENABLE_OBJC_ARC = YES;
				"CODE_SIGN_IDENTITY[sdk=iphoneos*]" = "iPhone Developer";
				COPY_PHASE_STRIP = YES;
				GCC_C_LANGUAGE_STANDARD = gnu99;
				GCC_VERSION = com.apple.compilers.llvm.clang.1_0;
				GCC_WARN_ABOUT_RETURN_TYPE = YES;
				GCC_WARN_UNINITIALIZED_AUTOS = YES;
				GCC_WARN_UNUSED_VARIABLE = YES;
				IPHONEOS_DEPLOYMENT_TARGET = 5.1;
				OTHER_CFLAGS = "-DNS_BLOCK_ASSERTIONS=1";
				SDKROOT = iphoneos;
				VALIDATE_PRODUCT = YES;
			};
			name = Release;
		};
		564C1692164A5324002DF42A /* Debug */ = {
			isa = XCBuildConfiguration;
			buildSettings = {
				GCC_PRECOMPILE_PREFIX_HEADER = YES;
				GCC_PREFIX_HEADER = "Disability List/Disability List-Prefix.pch";
				INFOPLIST_FILE = "Disability List/Disability List-Info.plist";
				PRODUCT_NAME = "$(TARGET_NAME)";
				WRAPPER_EXTENSION = app;
			};
			name = Debug;
		};
		564C1693164A5324002DF42A /* Release */ = {
			isa = XCBuildConfiguration;
			buildSettings = {
				GCC_PRECOMPILE_PREFIX_HEADER = YES;
				GCC_PREFIX_HEADER = "Disability List/Disability List-Prefix.pch";
				INFOPLIST_FILE = "Disability List/Disability List-Info.plist";
				PRODUCT_NAME = "$(TARGET_NAME)";
				WRAPPER_EXTENSION = app;
			};
			name = Release;
		};
/* End XCBuildConfiguration section */

/* Begin XCConfigurationList section */
		564C1662164A5324002DF42A /* Build configuration list for PBXProject "Disability List" */ = {
			isa = XCConfigurationList;
			buildConfigurations = (
				564C168F164A5324002DF42A /* Debug */,
				564C1690164A5324002DF42A /* Release */,
			);
			defaultConfigurationIsVisible = 0;
			defaultConfigurationName = Release;
		};
		564C1691164A5324002DF42A /* Build configuration list for PBXNativeTarget "Disability List" */ = {
			isa = XCConfigurationList;
			buildConfigurations = (
				564C1692164A5324002DF42A /* Debug */,
				564C1693164A5324002DF42A /* Release */,
			);
			defaultConfigurationIsVisible = 0;
			defaultConfigurationName = Release;
		};
/* End XCConfigurationList section */
	};
	rootObject = 564C165F164A5324002DF42A /* Project object */;
}
