// !$*UTF8*$!
{
	archiveVersion = 1;
	classes = {
	};
	objectVersion = 46;
	objects = {

/* Begin PBXBuildFile section */
		38598DFE1642CA8A0048C1C0 /* UIKit.framework in Frameworks */ = {isa = PBXBuildFile; fileRef = 38598DFD1642CA8A0048C1C0 /* UIKit.framework */; };
		38598E001642CA8A0048C1C0 /* Foundation.framework in Frameworks */ = {isa = PBXBuildFile; fileRef = 38598DFF1642CA8A0048C1C0 /* Foundation.framework */; };
		38598E021642CA8A0048C1C0 /* CoreGraphics.framework in Frameworks */ = {isa = PBXBuildFile; fileRef = 38598E011642CA8A0048C1C0 /* CoreGraphics.framework */; };
		38598E081642CA8A0048C1C0 /* InfoPlist.strings in Resources */ = {isa = PBXBuildFile; fileRef = 38598E061642CA8A0048C1C0 /* InfoPlist.strings */; };
		38598E0A1642CA8A0048C1C0 /* main.m in Sources */ = {isa = PBXBuildFile; fileRef = 38598E091642CA8A0048C1C0 /* main.m */; };
		38598E0E1642CA8A0048C1C0 /* MADAppDelegate.m in Sources */ = {isa = PBXBuildFile; fileRef = 38598E0D1642CA8A0048C1C0 /* MADAppDelegate.m */; };
		38598E111642CA8A0048C1C0 /* MADMasterViewController.m in Sources */ = {isa = PBXBuildFile; fileRef = 38598E101642CA8A0048C1C0 /* MADMasterViewController.m */; };
		38598E141642CA8A0048C1C0 /* MADDetailViewController.m in Sources */ = {isa = PBXBuildFile; fileRef = 38598E131642CA8A0048C1C0 /* MADDetailViewController.m */; };
		38598E171642CA8A0048C1C0 /* MADMasterViewController.xib in Resources */ = {isa = PBXBuildFile; fileRef = 38598E151642CA8A0048C1C0 /* MADMasterViewController.xib */; };
		38598E1A1642CA8A0048C1C0 /* MADDetailViewController.xib in Resources */ = {isa = PBXBuildFile; fileRef = 38598E181642CA8A0048C1C0 /* MADDetailViewController.xib */; };
		38598E211642CAD60048C1C0 /* PresidentList.plist in Resources */ = {isa = PBXBuildFile; fileRef = 38598E201642CAD60048C1C0 /* PresidentList.plist */; };
/* End PBXBuildFile section */

/* Begin PBXFileReference section */
		38598DF91642CA8A0048C1C0 /* Presidents.app */ = {isa = PBXFileReference; explicitFileType = wrapper.application; includeInIndex = 0; path = Presidents.app; sourceTree = BUILT_PRODUCTS_DIR; };
		38598DFD1642CA8A0048C1C0 /* UIKit.framework */ = {isa = PBXFileReference; lastKnownFileType = wrapper.framework; name = UIKit.framework; path = System/Library/Frameworks/UIKit.framework; sourceTree = SDKROOT; };
		38598DFF1642CA8A0048C1C0 /* Foundation.framework */ = {isa = PBXFileReference; lastKnownFileType = wrapper.framework; name = Foundation.framework; path = System/Library/Frameworks/Foundation.framework; sourceTree = SDKROOT; };
		38598E011642CA8A0048C1C0 /* CoreGraphics.framework */ = {isa = PBXFileReference; lastKnownFileType = wrapper.framework; name = CoreGraphics.framework; path = System/Library/Frameworks/CoreGraphics.framework; sourceTree = SDKROOT; };
		38598E051642CA8A0048C1C0 /* Presidents-Info.plist */ = {isa = PBXFileReference; lastKnownFileType = text.plist.xml; path = "Presidents-Info.plist"; sourceTree = "<group>"; };
		38598E071642CA8A0048C1C0 /* en */ = {isa = PBXFileReference; lastKnownFileType = text.plist.strings; name = en; path = en.lproj/InfoPlist.strings; sourceTree = "<group>"; };
		38598E091642CA8A0048C1C0 /* main.m */ = {isa = PBXFileReference; lastKnownFileType = sourcecode.c.objc; path = main.m; sourceTree = "<group>"; };
		38598E0B1642CA8A0048C1C0 /* Presidents-Prefix.pch */ = {isa = PBXFileReference; lastKnownFileType = sourcecode.c.h; path = "Presidents-Prefix.pch"; sourceTree = "<group>"; };
		38598E0C1642CA8A0048C1C0 /* MADAppDelegate.h */ = {isa = PBXFileReference; lastKnownFileType = sourcecode.c.h; path = MADAppDelegate.h; sourceTree = "<group>"; };
		38598E0D1642CA8A0048C1C0 /* MADAppDelegate.m */ = {isa = PBXFileReference; lastKnownFileType = sourcecode.c.objc; path = MADAppDelegate.m; sourceTree = "<group>"; };
		38598E0F1642CA8A0048C1C0 /* MADMasterViewController.h */ = {isa = PBXFileReference; lastKnownFileType = sourcecode.c.h; path = MADMasterViewController.h; sourceTree = "<group>"; };
		38598E101642CA8A0048C1C0 /* MADMasterViewController.m */ = {isa = PBXFileReference; lastKnownFileType = sourcecode.c.objc; path = MADMasterViewController.m; sourceTree = "<group>"; };
		38598E121642CA8A0048C1C0 /* MADDetailViewController.h */ = {isa = PBXFileReference; lastKnownFileType = sourcecode.c.h; path = MADDetailViewController.h; sourceTree = "<group>"; };
		38598E131642CA8A0048C1C0 /* MADDetailViewController.m */ = {isa = PBXFileReference; lastKnownFileType = sourcecode.c.objc; path = MADDetailViewController.m; sourceTree = "<group>"; };
		38598E161642CA8A0048C1C0 /* en */ = {isa = PBXFileReference; lastKnownFileType = file.xib; name = en; path = en.lproj/MADMasterViewController.xib; sourceTree = "<group>"; };
		38598E191642CA8A0048C1C0 /* en */ = {isa = PBXFileReference; lastKnownFileType = file.xib; name = en; path = en.lproj/MADDetailViewController.xib; sourceTree = "<group>"; };
		38598E201642CAD60048C1C0 /* PresidentList.plist */ = {isa = PBXFileReference; fileEncoding = 4; lastKnownFileType = text.plist.xml; path = PresidentList.plist; sourceTree = "<group>"; };
/* End PBXFileReference section */

/* Begin PBXFrameworksBuildPhase section */
		38598DF61642CA8A0048C1C0 /* Frameworks */ = {
			isa = PBXFrameworksBuildPhase;
			buildActionMask = 2147483647;
			files = (
				38598DFE1642CA8A0048C1C0 /* UIKit.framework in Frameworks */,
				38598E001642CA8A0048C1C0 /* Foundation.framework in Frameworks */,
				38598E021642CA8A0048C1C0 /* CoreGraphics.framework in Frameworks */,
			);
			runOnlyForDeploymentPostprocessing = 0;
		};
/* End PBXFrameworksBuildPhase section */

/* Begin PBXGroup section */
		38598DEE1642CA890048C1C0 = {
			isa = PBXGroup;
			children = (
				38598E031642CA8A0048C1C0 /* Presidents */,
				38598DFC1642CA8A0048C1C0 /* Frameworks */,
				38598DFA1642CA8A0048C1C0 /* Products */,
			);
			sourceTree = "<group>";
		};
		38598DFA1642CA8A0048C1C0 /* Products */ = {
			isa = PBXGroup;
			children = (
				38598DF91642CA8A0048C1C0 /* Presidents.app */,
			);
			name = Products;
			sourceTree = "<group>";
		};
		38598DFC1642CA8A0048C1C0 /* Frameworks */ = {
			isa = PBXGroup;
			children = (
				38598DFD1642CA8A0048C1C0 /* UIKit.framework */,
				38598DFF1642CA8A0048C1C0 /* Foundation.framework */,
				38598E011642CA8A0048C1C0 /* CoreGraphics.framework */,
			);
			name = Frameworks;
			sourceTree = "<group>";
		};
		38598E031642CA8A0048C1C0 /* Presidents */ = {
			isa = PBXGroup;
			children = (
				38598E0C1642CA8A0048C1C0 /* MADAppDelegate.h */,
				38598E0D1642CA8A0048C1C0 /* MADAppDelegate.m */,
				38598E0F1642CA8A0048C1C0 /* MADMasterViewController.h */,
				38598E101642CA8A0048C1C0 /* MADMasterViewController.m */,
				38598E121642CA8A0048C1C0 /* MADDetailViewController.h */,
				38598E131642CA8A0048C1C0 /* MADDetailViewController.m */,
				38598E151642CA8A0048C1C0 /* MADMasterViewController.xib */,
				38598E181642CA8A0048C1C0 /* MADDetailViewController.xib */,
				38598E041642CA8A0048C1C0 /* Supporting Files */,
			);
			path = Presidents;
			sourceTree = "<group>";
		};
		38598E041642CA8A0048C1C0 /* Supporting Files */ = {
			isa = PBXGroup;
			children = (
				38598E201642CAD60048C1C0 /* PresidentList.plist */,
				38598E051642CA8A0048C1C0 /* Presidents-Info.plist */,
				38598E061642CA8A0048C1C0 /* InfoPlist.strings */,
				38598E091642CA8A0048C1C0 /* main.m */,
				38598E0B1642CA8A0048C1C0 /* Presidents-Prefix.pch */,
			);
			name = "Supporting Files";
			sourceTree = "<group>";
		};
/* End PBXGroup section */

/* Begin PBXNativeTarget section */
		38598DF81642CA8A0048C1C0 /* Presidents */ = {
			isa = PBXNativeTarget;
			buildConfigurationList = 38598E1D1642CA8A0048C1C0 /* Build configuration list for PBXNativeTarget "Presidents" */;
			buildPhases = (
				38598DF51642CA8A0048C1C0 /* Sources */,
				38598DF61642CA8A0048C1C0 /* Frameworks */,
				38598DF71642CA8A0048C1C0 /* Resources */,
			);
			buildRules = (
			);
			dependencies = (
			);
			name = Presidents;
			productName = Presidents;
			productReference = 38598DF91642CA8A0048C1C0 /* Presidents.app */;
			productType = "com.apple.product-type.application";
		};
/* End PBXNativeTarget section */

/* Begin PBXProject section */
		38598DF01642CA890048C1C0 /* Project object */ = {
			isa = PBXProject;
			attributes = {
				CLASSPREFIX = MAD;
				LastUpgradeCheck = 0440;
				ORGANIZATIONNAME = "Aaron Vimont";
			};
			buildConfigurationList = 38598DF31642CA890048C1C0 /* Build configuration list for PBXProject "Presidents" */;
			compatibilityVersion = "Xcode 3.2";
			developmentRegion = English;
			hasScannedForEncodings = 0;
			knownRegions = (
				en,
			);
			mainGroup = 38598DEE1642CA890048C1C0;
			productRefGroup = 38598DFA1642CA8A0048C1C0 /* Products */;
			projectDirPath = "";
			projectRoot = "";
			targets = (
				38598DF81642CA8A0048C1C0 /* Presidents */,
			);
		};
/* End PBXProject section */

/* Begin PBXResourcesBuildPhase section */
		38598DF71642CA8A0048C1C0 /* Resources */ = {
			isa = PBXResourcesBuildPhase;
			buildActionMask = 2147483647;
			files = (
				38598E081642CA8A0048C1C0 /* InfoPlist.strings in Resources */,
				38598E171642CA8A0048C1C0 /* MADMasterViewController.xib in Resources */,
				38598E1A1642CA8A0048C1C0 /* MADDetailViewController.xib in Resources */,
				38598E211642CAD60048C1C0 /* PresidentList.plist in Resources */,
			);
			runOnlyForDeploymentPostprocessing = 0;
		};
/* End PBXResourcesBuildPhase section */

/* Begin PBXSourcesBuildPhase section */
		38598DF51642CA8A0048C1C0 /* Sources */ = {
			isa = PBXSourcesBuildPhase;
			buildActionMask = 2147483647;
			files = (
				38598E0A1642CA8A0048C1C0 /* main.m in Sources */,
				38598E0E1642CA8A0048C1C0 /* MADAppDelegate.m in Sources */,
				38598E111642CA8A0048C1C0 /* MADMasterViewController.m in Sources */,
				38598E141642CA8A0048C1C0 /* MADDetailViewController.m in Sources */,
			);
			runOnlyForDeploymentPostprocessing = 0;
		};
/* End PBXSourcesBuildPhase section */

/* Begin PBXVariantGroup section */
		38598E061642CA8A0048C1C0 /* InfoPlist.strings */ = {
			isa = PBXVariantGroup;
			children = (
				38598E071642CA8A0048C1C0 /* en */,
			);
			name = InfoPlist.strings;
			sourceTree = "<group>";
		};
		38598E151642CA8A0048C1C0 /* MADMasterViewController.xib */ = {
			isa = PBXVariantGroup;
			children = (
				38598E161642CA8A0048C1C0 /* en */,
			);
			name = MADMasterViewController.xib;
			sourceTree = "<group>";
		};
		38598E181642CA8A0048C1C0 /* MADDetailViewController.xib */ = {
			isa = PBXVariantGroup;
			children = (
				38598E191642CA8A0048C1C0 /* en */,
			);
			name = MADDetailViewController.xib;
			sourceTree = "<group>";
		};
/* End PBXVariantGroup section */

/* Begin XCBuildConfiguration section */
		38598E1B1642CA8A0048C1C0 /* Debug */ = {
			isa = XCBuildConfiguration;
			buildSettings = {
				ALWAYS_SEARCH_USER_PATHS = NO;
				ARCHS = "$(ARCHS_STANDARD_32_BIT)";
				CLANG_CXX_LANGUAGE_STANDARD = "gnu++0x";
				CLANG_ENABLE_OBJC_ARC = YES;
				CLANG_WARN__DUPLICATE_METHOD_MATCH = YES;
				"CODE_SIGN_IDENTITY[sdk=iphoneos*]" = "iPhone Developer";
				COPY_PHASE_STRIP = NO;
				GCC_C_LANGUAGE_STANDARD = gnu99;
				GCC_DYNAMIC_NO_PIC = NO;
				GCC_OPTIMIZATION_LEVEL = 0;
				GCC_PREPROCESSOR_DEFINITIONS = (
					"DEBUG=1",
					"$(inherited)",
				);
				GCC_SYMBOLS_PRIVATE_EXTERN = NO;
				GCC_VERSION = com.apple.compilers.llvm.clang.1_0;
				GCC_WARN_ABOUT_RETURN_TYPE = YES;
				GCC_WARN_UNINITIALIZED_AUTOS = YES;
				GCC_WARN_UNUSED_VARIABLE = YES;
				IPHONEOS_DEPLOYMENT_TARGET = 5.1;
				SDKROOT = iphoneos;
				TARGETED_DEVICE_FAMILY = 2;
			};
			name = Debug;
		};
		38598E1C1642CA8A0048C1C0 /* Release */ = {
			isa = XCBuildConfiguration;
			buildSettings = {
				ALWAYS_SEARCH_USER_PATHS = NO;
				ARCHS = "$(ARCHS_STANDARD_32_BIT)";
				CLANG_CXX_LANGUAGE_STANDARD = "gnu++0x";
				CLANG_ENABLE_OBJC_ARC = YES;
				CLANG_WARN__DUPLICATE_METHOD_MATCH = YES;
				"CODE_SIGN_IDENTITY[sdk=iphoneos*]" = "iPhone Developer";
				COPY_PHASE_STRIP = YES;
				GCC_C_LANGUAGE_STANDARD = gnu99;
				GCC_VERSION = com.apple.compilers.llvm.clang.1_0;
				GCC_WARN_ABOUT_RETURN_TYPE = YES;
				GCC_WARN_UNINITIALIZED_AUTOS = YES;
				GCC_WARN_UNUSED_VARIABLE = YES;
				IPHONEOS_DEPLOYMENT_TARGET = 5.1;
				OTHER_CFLAGS = "-DNS_BLOCK_ASSERTIONS=1";
				SDKROOT = iphoneos;
				TARGETED_DEVICE_FAMILY = 2;
				VALIDATE_PRODUCT = YES;
			};
			name = Release;
		};
		38598E1E1642CA8A0048C1C0 /* Debug */ = {
			isa = XCBuildConfiguration;
			buildSettings = {
				GCC_PRECOMPILE_PREFIX_HEADER = YES;
				GCC_PREFIX_HEADER = "Presidents/Presidents-Prefix.pch";
				INFOPLIST_FILE = "Presidents/Presidents-Info.plist";
				PRODUCT_NAME = "$(TARGET_NAME)";
				WRAPPER_EXTENSION = app;
			};
			name = Debug;
		};
		38598E1F1642CA8A0048C1C0 /* Release */ = {
			isa = XCBuildConfiguration;
			buildSettings = {
				GCC_PRECOMPILE_PREFIX_HEADER = YES;
				GCC_PREFIX_HEADER = "Presidents/Presidents-Prefix.pch";
				INFOPLIST_FILE = "Presidents/Presidents-Info.plist";
				PRODUCT_NAME = "$(TARGET_NAME)";
				WRAPPER_EXTENSION = app;
			};
			name = Release;
		};
/* End XCBuildConfiguration section */

/* Begin XCConfigurationList section */
		38598DF31642CA890048C1C0 /* Build configuration list for PBXProject "Presidents" */ = {
			isa = XCConfigurationList;
			buildConfigurations = (
				38598E1B1642CA8A0048C1C0 /* Debug */,
				38598E1C1642CA8A0048C1C0 /* Release */,
			);
			defaultConfigurationIsVisible = 0;
			defaultConfigurationName = Release;
		};
		38598E1D1642CA8A0048C1C0 /* Build configuration list for PBXNativeTarget "Presidents" */ = {
			isa = XCConfigurationList;
			buildConfigurations = (
				38598E1E1642CA8A0048C1C0 /* Debug */,
				38598E1F1642CA8A0048C1C0 /* Release */,
			);
			defaultConfigurationIsVisible = 0;
		};
/* End XCConfigurationList section */
	};
	rootObject = 38598DF01642CA890048C1C0 /* Project object */;
}
